
Microsoft Visual Studio Solution File, Format Version 12.00
# Visual Studio Version 17
VisualStudioVersion = 17.7.34024.191
MinimumVisualStudioVersion = 10.0.40219.1
Project("{FAE04EC0-301F-11D3-BF4B-00C04F79EFBC}") = "ThreadExample", "ThreadExample\ThreadExample.csproj", "{67C104AA-5470-40D7-80F8-2BB842AD260E}"
EndProject
Global
	GlobalSection(SolutionConfigurationPlatforms) = preSolution
		Debug|Any CPU = Debug|Any CPU
		Release|Any CPU = Release|Any CPU
	EndGlobalSection
	GlobalSection(ProjectConfigurationPlatforms) = postSolution
		{67C104AA-5470-40D7-80F8-2BB842AD260E}.Debug|Any CPU.ActiveCfg = Debug|Any CPU
		{67C104AA-5470-40D7-80F8-2BB842AD260E}.Debug|Any CPU.Build.0 = Debug|Any CPU
		{67C104AA-5470-40D7-80F8-2BB842AD260E}.Release|Any CPU.ActiveCfg = Release|Any CPU
		{67C104AA-5470-40D7-80F8-2BB842AD260E}.Release|Any CPU.Build.0 = Release|Any CPU
	EndGlobalSection
	GlobalSection(SolutionProperties) = preSolution
		HideSolutionNode = FALSE
	EndGlobalSection
	GlobalSection(ExtensibilityGlobals) = postSolution
		SolutionGuid = {51132C5E-67E4-4310-9913-77C138ED8B95}
	EndGlobalSection
EndGlobal
